
Microsoft Visual Studio Solution File, Format Version 12.00
# Visual Studio Version 16
VisualStudioVersion = 16.0.33214.272
MinimumVisualStudioVersion = 10.0.40219.1
Project("{FAE04EC0-301F-11D3-BF4B-00C04F79EFBC}") = "Medieaval CPF Calculator", "Medieaval CPF Calculator\Medieaval CPF Calculator.csproj", "{5A5351C8-33CD-4693-826D-4125A7B4DEF8}"
EndProject
Global
	GlobalSection(SolutionConfigurationPlatforms) = preSolution
		Debug|Any CPU = Debug|Any CPU
		Release|Any CPU = Release|Any CPU
	EndGlobalSection
	GlobalSection(ProjectConfigurationPlatforms) = postSolution
		{5A5351C8-33CD-4693-826D-4125A7B4DEF8}.Debug|Any CPU.ActiveCfg = Debug|Any CPU
		{5A5351C8-33CD-4693-826D-4125A7B4DEF8}.Debug|Any CPU.Build.0 = Debug|Any CPU
		{5A5351C8-33CD-4693-826D-4125A7B4DEF8}.Release|Any CPU.ActiveCfg = Release|Any CPU
		{5A5351C8-33CD-4693-826D-4125A7B4DEF8}.Release|Any CPU.Build.0 = Release|Any CPU
	EndGlobalSection
	GlobalSection(SolutionProperties) = preSolution
		HideSolutionNode = FALSE
	EndGlobalSection
	GlobalSection(ExtensibilityGlobals) = postSolution
		SolutionGuid = {FA9C49E2-0E59-4318-ADA2-504B351C1366}
	EndGlobalSection
EndGlobal
